// !$*UTF8*$!
{
	archiveVersion = 1;
	classes = {
	};
	objectVersion = 77;
	objects = {

/* Begin PBXBuildFile section */
		022E13F9976B529A2E50B800 /* pancake-floor.png in Resources */ = {isa = PBXBuildFile; fileRef = 5E7E287D8050BCF1504A5002 /* pancake-floor.png */; };
		03528CE7275198A4BEB75E9B /* SettingsView.swift in Sources */ = {isa = PBXBuildFile; fileRef = 4FEFC1C4ECEF55BBCC02BEEB /* SettingsView.swift */; };
		03C5088E3A1AE66E14B744E2 /* GameView.swift in Sources */ = {isa = PBXBuildFile; fileRef = 5D742807F5506EC05BA9FAFE /* GameView.swift */; };
		04052855CC26052581CF9499 /* audio-light-menu.m4a in Resources */ = {isa = PBXBuildFile; fileRef = C06F6CC5788057DFF2A06D6C /* audio-light-menu.m4a */; };
		066C6CBA43656DC6D7BA87F3 /* PurchaseController.swift in Sources */ = {isa = PBXBuildFile; fileRef = A3E2A0743676367B419D7078 /* PurchaseController.swift */; };
		069780A643FA0657F2591156 /* audio-classic-run.m4a in Resources */ = {isa = PBXBuildFile; fileRef = FF56D7480C9EE063365DBA9E /* audio-classic-run.m4a */; };
		0AD2A3C5E816E83335A715E9 /* misha-climber.png in Resources */ = {isa = PBXBuildFile; fileRef = 343C3D60DEB6783CB739995F /* misha-climber.png */; };
		11BEA7BA6EFF98C47DF75DCB /* kesha-perch.png in Resources */ = {isa = PBXBuildFile; fileRef = A094CABC4F0AA44F4126624B /* kesha-perch.png */; };
		18D7F6E90248D32DD8371432 /* audio-light-tones.wav in Resources */ = {isa = PBXBuildFile; fileRef = 7A7AAB5003782A88EC74437A /* audio-light-tones.wav */; };
		1F02862C0A6B80FF87B359AA /* AlphaServices.swift in Sources */ = {isa = PBXBuildFile; fileRef = B50481CEE01A7FF7A5F2439F /* AlphaServices.swift */; };
		1F56100B9FA124B56BA3A42B /* PimPoPomApp.swift in Sources */ = {isa = PBXBuildFile; fileRef = A705B270F5758C926EC0E8EE /* PimPoPomApp.swift */; };
		21FE80EF1F42DF365799E8B3 /* PimPoPomUITests.swift in Sources */ = {isa = PBXBuildFile; fileRef = B71452A1C00B766E00B57310 /* PimPoPomUITests.swift */; };
		228758F9D283D50E443CD560 /* audio-pixel-menu.m4a in Resources */ = {isa = PBXBuildFile; fileRef = 7ACAA14B12BB30BA3BF702E4 /* audio-pixel-menu.m4a */; };
		22B0ADE3ECAA3BF9FCA9423C /* pancake-sprite.png in Resources */ = {isa = PBXBuildFile; fileRef = 6D8B77DB0BBFFF1688760C67 /* pancake-sprite.png */; };
		24F0C16C1DE42D0FB31628E2 /* kesha-sprite.png in Resources */ = {isa = PBXBuildFile; fileRef = B194C5E2A0BBB6D9E67B30A2 /* kesha-sprite.png */; };
		2749EA7C9189C2642CC5D2BB /* audio-pixel-tones.wav in Resources */ = {isa = PBXBuildFile; fileRef = 12AF44BA9D72AACA0C78C26A /* audio-pixel-tones.wav */; };
		2AF7366D4D82412DC93BE3EE /* GoogleIdentityService.swift in Sources */ = {isa = PBXBuildFile; fileRef = CAEB9AA462238A2A63B2CD94 /* GoogleIdentityService.swift */; };
		2BC9C266D38E20EC72551C54 /* PurchaseControllerTests.swift in Sources */ = {isa = PBXBuildFile; fileRef = 6DB6C589BE481A259B3E92FE /* PurchaseControllerTests.swift */; };
		339BFE056EAC7EFF394CC904 /* audio-pimpopom-sting.wav in Resources */ = {isa = PBXBuildFile; fileRef = 36E62A1E561A8AFF96306F57 /* audio-pimpopom-sting.wav */; };
		33CE829944CE88CF56F940A8 /* foka-ice-floe.png in Resources */ = {isa = PBXBuildFile; fileRef = A23CF130CC62E45C9C52F2FF /* foka-ice-floe.png */; };
		36B37175BB6E0CBFE6607C34 /* muse-floor.png in Resources */ = {isa = PBXBuildFile; fileRef = AE0A4CFFE2AEF83863978D0D /* muse-floor.png */; };
		3E4866E14392A098908AB96C /* GameplayLifecycleTests.swift in Sources */ = {isa = PBXBuildFile; fileRef = 8B0720CCA15E7E1FD1019F66 /* GameplayLifecycleTests.swift */; };
		3E8B789C6846539EE101679E /* AudioController.swift in Sources */ = {isa = PBXBuildFile; fileRef = 1EAF0D8DD171854555FDD1CF /* AudioController.swift */; };
		46F5040558302ED97373D477 /* BackendModels.swift in Sources */ = {isa = PBXBuildFile; fileRef = DA2E75B83D2198FB2E99E518 /* BackendModels.swift */; };
		5357B48D32C47C33546CE804 /* PetCompanionView.swift in Sources */ = {isa = PBXBuildFile; fileRef = 06BD944BC8141501BC78FDD5 /* PetCompanionView.swift */; };
		56603C4049290197D71E7DE7 /* GoogleSignIn in Frameworks */ = {isa = PBXBuildFile; productRef = C4870F00BE8DF3014F005A13 /* GoogleSignIn */; };
		5BC9981FB9E84A0D785CB2CC /* ProfileView.swift in Sources */ = {isa = PBXBuildFile; fileRef = E6D7F26BF3F9299A13AD94E2 /* ProfileView.swift */; };
		5BEA3BACD8EB0235D01BCC96 /* GameCenterServiceTests.swift in Sources */ = {isa = PBXBuildFile; fileRef = E328C0EB9AF13AE87AE7B8E2 /* GameCenterServiceTests.swift */; };
		60E02E8EFDA3F957C1254099 /* MenuMotivation.swift in Sources */ = {isa = PBXBuildFile; fileRef = 500A410B8A8FB5EA87D1D796 /* MenuMotivation.swift */; };
		6185F73548A72BDD8BCF2748 /* AppIconController.swift in Sources */ = {isa = PBXBuildFile; fileRef = B5F9F3BDB3F8BCA762178A6E /* AppIconController.swift */; };
		65F537F39016C296EE68C361 /* ThemePalette.swift in Sources */ = {isa = PBXBuildFile; fileRef = D7C5648D5AC862EA6F73D7D3 /* ThemePalette.swift */; };
		67F0AF77CE60515A87B32524 /* CoinStorePlaceholderView.swift in Sources */ = {isa = PBXBuildFile; fileRef = 2E74F9E16529B1D03A0091EF /* CoinStorePlaceholderView.swift */; };
		6E46ABD4087FBC9FAF4D9E0C /* Assets.xcassets in Resources */ = {isa = PBXBuildFile; fileRef = 491AE95125B0A41ABB5B5D44 /* Assets.xcassets */; };
		7465439690FF5A935BA8A3AC /* PetShopView.swift in Sources */ = {isa = PBXBuildFile; fileRef = A54435E3370FE5F0E7640F4F /* PetShopView.swift */; };
		754E8CD00718D0D507BB1414 /* audio-oops.wav in Resources */ = {isa = PBXBuildFile; fileRef = DEC51376F984CE9F83F10F80 /* audio-oops.wav */; };
		76422CFC6955DE551BADA09C /* LeaderboardView.swift in Sources */ = {isa = PBXBuildFile; fileRef = 0EBF5C4AF34815F2A48368D5 /* LeaderboardView.swift */; };
		772C2F80F660AC69F7545563 /* HomeQuickActionController.swift in Sources */ = {isa = PBXBuildFile; fileRef = 905FC701397B6FABBAEC89F4 /* HomeQuickActionController.swift */; };
		79626C9CB9781B5F076872BA /* AchievementsView.swift in Sources */ = {isa = PBXBuildFile; fileRef = FF525ACA8A69F39145C25A62 /* AchievementsView.swift */; };
		865CDEB8D47E9E99AF4CD2BF /* GameCenterService.swift in Sources */ = {isa = PBXBuildFile; fileRef = 1CDFEBDA8D59CB7311673548 /* GameCenterService.swift */; };
		8A9091375A080E76B3131D5B /* RootView.swift in Sources */ = {isa = PBXBuildFile; fileRef = 2A0CD8335C4D1E08E4401607 /* RootView.swift */; };
		8C19FB3935B020FF5F45B92E /* audio-classic-tones.wav in Resources */ = {isa = PBXBuildFile; fileRef = B50F7D6276F80417F9888373 /* audio-classic-tones.wav */; };
		8E1D7FCE60EF4C68B0AA0A80 /* audio-disco-menu.m4a in Resources */ = {isa = PBXBuildFile; fileRef = 81C7F07E02E90EBF9753B984 /* audio-disco-menu.m4a */; };
		9329B260676A90EA6FB29600 /* LeaderboardComponents.swift in Sources */ = {isa = PBXBuildFile; fileRef = 2CCE0AEC90A1A12260E48BAC /* LeaderboardComponents.swift */; };
		94C570313EE1FF20125AB261 /* PreferencesAndContractTests.swift in Sources */ = {isa = PBXBuildFile; fileRef = 29A9F154E867F1DC4A4A6BF2 /* PreferencesAndContractTests.swift */; };
		997453F97D0DAA43FBBF5C3B /* jersey-10-regular.ttf in Resources */ = {isa = PBXBuildFile; fileRef = EDEAE0FBCA4C31EE2F2F79AC /* jersey-10-regular.ttf */; };
		9B7E95ABFFA0240D9388D799 /* disco-concrete.png in Resources */ = {isa = PBXBuildFile; fileRef = CA0B3667E36EAC21E084AD82 /* disco-concrete.png */; };
		9BE6F4395E1981A42564EE35 /* StoreKitService.swift in Sources */ = {isa = PBXBuildFile; fileRef = 11F37B0D75969458F56254C5 /* StoreKitService.swift */; };
		9C470570FF857655FC7C104B /* audio-disco-run.m4a in Resources */ = {isa = PBXBuildFile; fileRef = 6038C3199A866EB364429ECE /* audio-disco-run.m4a */; };
		9CAA0142DC9459BD38BB7961 /* PrivacyInfo.xcprivacy in Resources */ = {isa = PBXBuildFile; fileRef = B333FEBEC615A9C45AE372C2 /* PrivacyInfo.xcprivacy */; };
		9F8A30F6CC7C5F10AA8B29A9 /* GameCoordinator.swift in Sources */ = {isa = PBXBuildFile; fileRef = B807723F13D7024F84747F72 /* GameCoordinator.swift */; };
		A19D6210497A3D375CDC07BE /* GameCellArtwork.swift in Sources */ = {isa = PBXBuildFile; fileRef = E7C97DB7185189A114B58620 /* GameCellArtwork.swift */; };
		A8C18C383224F6F97F475FB5 /* StoreKitModels.swift in Sources */ = {isa = PBXBuildFile; fileRef = A9CC5EE844D22FB3BF197B67 /* StoreKitModels.swift */; };
		AD08CA3A1C6D214B2F3957B3 /* WebParityComponents.swift in Sources */ = {isa = PBXBuildFile; fileRef = 467533F013F74FD6A8F82FD2 /* WebParityComponents.swift */; };
		B3156A465A8D835A460370F9 /* CosmeticsController.swift in Sources */ = {isa = PBXBuildFile; fileRef = 7B02F42DD55DDD992F3F6A1C /* CosmeticsController.swift */; };
		B54D89DF66FCDB5FAFF8E580 /* GameScene.swift in Sources */ = {isa = PBXBuildFile; fileRef = 9648B3C4989B1B1FF9557057 /* GameScene.swift */; };
		B93DE763FA288BEE65FFDAB5 /* mitsuri-sprite.png in Resources */ = {isa = PBXBuildFile; fileRef = 101BD799A3D04EB2BA211112 /* mitsuri-sprite.png */; };
		BA189338D2A4A66BF5D5C18D /* disco-concrete-lights.png in Resources */ = {isa = PBXBuildFile; fileRef = BB501ACDA16D35FF02259969 /* disco-concrete-lights.png */; };
		BA919DD6B28AE526B4C39B05 /* PimPoPomCore in Frameworks */ = {isa = PBXBuildFile; productRef = B99BB11775542C9E63F45B2A /* PimPoPomCore */; };
		BAAA8B086F97BE06F9456CA5 /* audio-pixel-run.m4a in Resources */ = {isa = PBXBuildFile; fileRef = 5E5B8A0B92FABA6CEC0AEBE9 /* audio-pixel-run.m4a */; };
		BBCC077B701858F45928B177 /* audio-light-run.m4a in Resources */ = {isa = PBXBuildFile; fileRef = C6AB62B941B5843C8BE01C86 /* audio-light-run.m4a */; };
		BDAA90ADC1CBF50E0DF1294B /* tauta-sprite.png in Resources */ = {isa = PBXBuildFile; fileRef = 1FD1D8CB83628904EBD471FB /* tauta-sprite.png */; };
		C01812EFB30EF59819E2FB1F /* AppPreferences.swift in Sources */ = {isa = PBXBuildFile; fileRef = ABECCCD111FA390D73ABE0D1 /* AppPreferences.swift */; };
		D2FF783D7B37B3FD555CEF37 /* misha-sprite.png in Resources */ = {isa = PBXBuildFile; fileRef = 3D99FEAD0E68BCE7C68F1E5C /* misha-sprite.png */; };
		D67810BA07DC1F0D8729A51C /* muse-sprite.png in Resources */ = {isa = PBXBuildFile; fileRef = BE684D0E61B8053630D1E5B0 /* muse-sprite.png */; };
		D6D371E196A373C5B11204BE /* tauta-bed.png in Resources */ = {isa = PBXBuildFile; fileRef = EB365660F1E96C034ECE4A85 /* tauta-bed.png */; };
		DFBB0EAB96AFD9C8BC9AA6F9 /* LocalStoreKitCreditService.swift in Sources */ = {isa = PBXBuildFile; fileRef = 1E34313443268FB37F824D3E /* LocalStoreKitCreditService.swift */; };
		E359484EDDD010BB1C4A60B7 /* StoreKitConfigurationTests.swift in Sources */ = {isa = PBXBuildFile; fileRef = EFA3FF089079BA722681A6D7 /* StoreKitConfigurationTests.swift */; };
		E5D286413EAD1E278F2BD941 /* mitsuri-cushion.png in Resources */ = {isa = PBXBuildFile; fileRef = 86D3E0B547149A6CA3BFEFF8 /* mitsuri-cushion.png */; };
		E8E636A718E81A60D4C7A612 /* disco-tile-overlay.png in Resources */ = {isa = PBXBuildFile; fileRef = F1C981CB1FBF860FF21F4D20 /* disco-tile-overlay.png */; };
		EB00C2D0A32CCA70F8CF6815 /* AudioResourceTests.swift in Sources */ = {isa = PBXBuildFile; fileRef = 29E26897A668D55114A2D880 /* AudioResourceTests.swift */; };
		EC4D12BB76246E0CCE7A9FEB /* BackendClient.swift in Sources */ = {isa = PBXBuildFile; fileRef = C14D1BA4FDB4C3A45084E295 /* BackendClient.swift */; };
		EC973FFC9A80D9161FFD63BE /* CosmeticsTests.swift in Sources */ = {isa = PBXBuildFile; fileRef = 14821899A07BB2BDA2E926AD /* CosmeticsTests.swift */; };
		F037D0227E7E02244D5E47A6 /* audio-disco-tones.wav in Resources */ = {isa = PBXBuildFile; fileRef = 753FA81D6CDF4241131655B3 /* audio-disco-tones.wav */; };
		F0C814B129B6961AD724CF1B /* ThemeShopView.swift in Sources */ = {isa = PBXBuildFile; fileRef = 65BB1BD18A651EC92FD1FDFA /* ThemeShopView.swift */; };
		F3A8B24E48292FDEB6D6401E /* audio-classic-menu.m4a in Resources */ = {isa = PBXBuildFile; fileRef = DBBE9C296E382B16C791F322 /* audio-classic-menu.m4a */; };
		F4AE009770F8DC89C9519B7B /* foka-sprite.png in Resources */ = {isa = PBXBuildFile; fileRef = CA9147E64A63B3ED05BD3BB1 /* foka-sprite.png */; };
		F4BE7E43D2F9EDD68C5E6222 /* BackendClientTests.swift in Sources */ = {isa = PBXBuildFile; fileRef = 30B2D865EDE901251EB3BF50 /* BackendClientTests.swift */; };
/* End PBXBuildFile section */

/* Begin PBXContainerItemProxy section */
		7B473F3F0E5B60E3D1519E7B /* PBXContainerItemProxy */ = {
			isa = PBXContainerItemProxy;
			containerPortal = 409F99DCD15ECDCD03F25003 /* Project object */;
			proxyType = 1;
			remoteGlobalIDString = 030B2CE7F1621A5B13CB0A74;
			remoteInfo = PimPoPom;
		};
		938AAFF7C7D4D71155C6D7B1 /* PBXContainerItemProxy */ = {
			isa = PBXContainerItemProxy;
			containerPortal = 409F99DCD15ECDCD03F25003 /* Project object */;
			proxyType = 1;
			remoteGlobalIDString = 030B2CE7F1621A5B13CB0A74;
			remoteInfo = PimPoPom;
		};
/* End PBXContainerItemProxy section */

/* Begin PBXFileReference section */
		06BD944BC8141501BC78FDD5 /* PetCompanionView.swift */ = {isa = PBXFileReference; lastKnownFileType = sourcecode.swift; path = PetCompanionView.swift; sourceTree = "<group>"; };
		0EBF5C4AF34815F2A48368D5 /* LeaderboardView.swift */ = {isa = PBXFileReference; lastKnownFileType = sourcecode.swift; path = LeaderboardView.swift; sourceTree = "<group>"; };
		101BD799A3D04EB2BA211112 /* mitsuri-sprite.png */ = {isa = PBXFileReference; lastKnownFileType = image.png; path = "mitsuri-sprite.png"; sourceTree = "<group>"; };
		11F37B0D75969458F56254C5 /* StoreKitService.swift */ = {isa = PBXFileReference; lastKnownFileType = sourcecode.swift; path = StoreKitService.swift; sourceTree = "<group>"; };
		12AF44BA9D72AACA0C78C26A /* audio-pixel-tones.wav */ = {isa = PBXFileReference; lastKnownFileType = audio.wav; path = "audio-pixel-tones.wav"; sourceTree = "<group>"; };
		14821899A07BB2BDA2E926AD /* CosmeticsTests.swift */ = {isa = PBXFileReference; lastKnownFileType = sourcecode.swift; path = CosmeticsTests.swift; sourceTree = "<group>"; };
		1CDFEBDA8D59CB7311673548 /* GameCenterService.swift */ = {isa = PBXFileReference; lastKnownFileType = sourcecode.swift; path = GameCenterService.swift; sourceTree = "<group>"; };
		1E34313443268FB37F824D3E /* LocalStoreKitCreditService.swift */ = {isa = PBXFileReference; lastKnownFileType = sourcecode.swift; path = LocalStoreKitCreditService.swift; sourceTree = "<group>"; };
		1EAF0D8DD171854555FDD1CF /* AudioController.swift */ = {isa = PBXFileReference; lastKnownFileType = sourcecode.swift; path = AudioController.swift; sourceTree = "<group>"; };
		1EDDAAA3EB14D6E430476DAB /* PimPoPomCore */ = {isa = PBXFileReference; lastKnownFileType = folder; name = PimPoPomCore; path = Packages/PimPoPomCore; sourceTree = SOURCE_ROOT; };
		1FD1D8CB83628904EBD471FB /* tauta-sprite.png */ = {isa = PBXFileReference; lastKnownFileType = image.png; path = "tauta-sprite.png"; sourceTree = "<group>"; };
		29A9F154E867F1DC4A4A6BF2 /* PreferencesAndContractTests.swift */ = {isa = PBXFileReference; lastKnownFileType = sourcecode.swift; path = PreferencesAndContractTests.swift; sourceTree = "<group>"; };
		29E26897A668D55114A2D880 /* AudioResourceTests.swift */ = {isa = PBXFileReference; lastKnownFileType = sourcecode.swift; path = AudioResourceTests.swift; sourceTree = "<group>"; };
		2A0CD8335C4D1E08E4401607 /* RootView.swift */ = {isa = PBXFileReference; lastKnownFileType = sourcecode.swift; path = RootView.swift; sourceTree = "<group>"; };
		2CCE0AEC90A1A12260E48BAC /* LeaderboardComponents.swift */ = {isa = PBXFileReference; lastKnownFileType = sourcecode.swift; path = LeaderboardComponents.swift; sourceTree = "<group>"; };
		2E74F9E16529B1D03A0091EF /* CoinStorePlaceholderView.swift */ = {isa = PBXFileReference; lastKnownFileType = sourcecode.swift; path = CoinStorePlaceholderView.swift; sourceTree = "<group>"; };
		30B2D865EDE901251EB3BF50 /* BackendClientTests.swift */ = {isa = PBXFileReference; lastKnownFileType = sourcecode.swift; path = BackendClientTests.swift; sourceTree = "<group>"; };
		343C3D60DEB6783CB739995F /* misha-climber.png */ = {isa = PBXFileReference; lastKnownFileType = image.png; path = "misha-climber.png"; sourceTree = "<group>"; };
		36E62A1E561A8AFF96306F57 /* audio-pimpopom-sting.wav */ = {isa = PBXFileReference; lastKnownFileType = audio.wav; path = "audio-pimpopom-sting.wav"; sourceTree = "<group>"; };
		3D99FEAD0E68BCE7C68F1E5C /* misha-sprite.png */ = {isa = PBXFileReference; lastKnownFileType = image.png; path = "misha-sprite.png"; sourceTree = "<group>"; };
		449D22C0A57AFCE9ED5C7277 /* Release.xcconfig */ = {isa = PBXFileReference; lastKnownFileType = text.xcconfig; path = Release.xcconfig; sourceTree = "<group>"; };
		467533F013F74FD6A8F82FD2 /* WebParityComponents.swift */ = {isa = PBXFileReference; lastKnownFileType = sourcecode.swift; path = WebParityComponents.swift; sourceTree = "<group>"; };
		491AE95125B0A41ABB5B5D44 /* Assets.xcassets */ = {isa = PBXFileReference; lastKnownFileType = folder.assetcatalog; path = Assets.xcassets; sourceTree = "<group>"; };
		4FEFC1C4ECEF55BBCC02BEEB /* SettingsView.swift */ = {isa = PBXFileReference; lastKnownFileType = sourcecode.swift; path = SettingsView.swift; sourceTree = "<group>"; };
		500A410B8A8FB5EA87D1D796 /* MenuMotivation.swift */ = {isa = PBXFileReference; lastKnownFileType = sourcecode.swift; path = MenuMotivation.swift; sourceTree = "<group>"; };
		59325BF36E2F3C3A524AD069 /* PimPoPomTests.xctest */ = {isa = PBXFileReference; includeInIndex = 0; lastKnownFileType = wrapper.cfbundle; path = PimPoPomTests.xctest; sourceTree = BUILT_PRODUCTS_DIR; };
		5D742807F5506EC05BA9FAFE /* GameView.swift */ = {isa = PBXFileReference; lastKnownFileType = sourcecode.swift; path = GameView.swift; sourceTree = "<group>"; };
		5E5B8A0B92FABA6CEC0AEBE9 /* audio-pixel-run.m4a */ = {isa = PBXFileReference; path = "audio-pixel-run.m4a"; sourceTree = "<group>"; };
		5E7E287D8050BCF1504A5002 /* pancake-floor.png */ = {isa = PBXFileReference; lastKnownFileType = image.png; path = "pancake-floor.png"; sourceTree = "<group>"; };
		6038C3199A866EB364429ECE /* audio-disco-run.m4a */ = {isa = PBXFileReference; path = "audio-disco-run.m4a"; sourceTree = "<group>"; };
		65BB1BD18A651EC92FD1FDFA /* ThemeShopView.swift */ = {isa = PBXFileReference; lastKnownFileType = sourcecode.swift; path = ThemeShopView.swift; sourceTree = "<group>"; };
		6D8B77DB0BBFFF1688760C67 /* pancake-sprite.png */ = {isa = PBXFileReference; lastKnownFileType = image.png; path = "pancake-sprite.png"; sourceTree = "<group>"; };
		6DB6C589BE481A259B3E92FE /* PurchaseControllerTests.swift */ = {isa = PBXFileReference; lastKnownFileType = sourcecode.swift; path = PurchaseControllerTests.swift; sourceTree = "<group>"; };
		6FF762CE49FF020FD9A3F626 /* Staging.xcconfig */ = {isa = PBXFileReference; lastKnownFileType = text.xcconfig; path = Staging.xcconfig; sourceTree = "<group>"; };
		753FA81D6CDF4241131655B3 /* audio-disco-tones.wav */ = {isa = PBXFileReference; lastKnownFileType = audio.wav; path = "audio-disco-tones.wav"; sourceTree = "<group>"; };
		7A7AAB5003782A88EC74437A /* audio-light-tones.wav */ = {isa = PBXFileReference; lastKnownFileType = audio.wav; path = "audio-light-tones.wav"; sourceTree = "<group>"; };
		7ACAA14B12BB30BA3BF702E4 /* audio-pixel-menu.m4a */ = {isa = PBXFileReference; path = "audio-pixel-menu.m4a"; sourceTree = "<group>"; };
		7B02F42DD55DDD992F3F6A1C /* CosmeticsController.swift */ = {isa = PBXFileReference; lastKnownFileType = sourcecode.swift; path = CosmeticsController.swift; sourceTree = "<group>"; };
		81C7F07E02E90EBF9753B984 /* audio-disco-menu.m4a */ = {isa = PBXFileReference; path = "audio-disco-menu.m4a"; sourceTree = "<group>"; };
		86D3E0B547149A6CA3BFEFF8 /* mitsuri-cushion.png */ = {isa = PBXFileReference; lastKnownFileType = image.png; path = "mitsuri-cushion.png"; sourceTree = "<group>"; };
		86EABB78532A8A66E0E421C5 /* PimPoPom.storekit */ = {isa = PBXFileReference; path = PimPoPom.storekit; sourceTree = "<group>"; };
		8B0720CCA15E7E1FD1019F66 /* GameplayLifecycleTests.swift */ = {isa = PBXFileReference; lastKnownFileType = sourcecode.swift; path = GameplayLifecycleTests.swift; sourceTree = "<group>"; };
		905FC701397B6FABBAEC89F4 /* HomeQuickActionController.swift */ = {isa = PBXFileReference; lastKnownFileType = sourcecode.swift; path = HomeQuickActionController.swift; sourceTree = "<group>"; };
		9231B0F62DCB580532E9BE1E /* PimPoPomUITests.xctest */ = {isa = PBXFileReference; includeInIndex = 0; lastKnownFileType = wrapper.cfbundle; path = PimPoPomUITests.xctest; sourceTree = BUILT_PRODUCTS_DIR; };
		9648B3C4989B1B1FF9557057 /* GameScene.swift */ = {isa = PBXFileReference; lastKnownFileType = sourcecode.swift; path = GameScene.swift; sourceTree = "<group>"; };
		A094CABC4F0AA44F4126624B /* kesha-perch.png */ = {isa = PBXFileReference; lastKnownFileType = image.png; path = "kesha-perch.png"; sourceTree = "<group>"; };
		A23CF130CC62E45C9C52F2FF /* foka-ice-floe.png */ = {isa = PBXFileReference; lastKnownFileType = image.png; path = "foka-ice-floe.png"; sourceTree = "<group>"; };
		A3E2A0743676367B419D7078 /* PurchaseController.swift */ = {isa = PBXFileReference; lastKnownFileType = sourcecode.swift; path = PurchaseController.swift; sourceTree = "<group>"; };
		A54435E3370FE5F0E7640F4F /* PetShopView.swift */ = {isa = PBXFileReference; lastKnownFileType = sourcecode.swift; path = PetShopView.swift; sourceTree = "<group>"; };
		A705B270F5758C926EC0E8EE /* PimPoPomApp.swift */ = {isa = PBXFileReference; lastKnownFileType = sourcecode.swift; path = PimPoPomApp.swift; sourceTree = "<group>"; };
		A9CC5EE844D22FB3BF197B67 /* StoreKitModels.swift */ = {isa = PBXFileReference; lastKnownFileType = sourcecode.swift; path = StoreKitModels.swift; sourceTree = "<group>"; };
		AB2BA21A885F2ADE255459DC /* PimPoPom.app */ = {isa = PBXFileReference; includeInIndex = 0; lastKnownFileType = wrapper.application; path = PimPoPom.app; sourceTree = BUILT_PRODUCTS_DIR; };
		ABECCCD111FA390D73ABE0D1 /* AppPreferences.swift */ = {isa = PBXFileReference; lastKnownFileType = sourcecode.swift; path = AppPreferences.swift; sourceTree = "<group>"; };
		AE0A4CFFE2AEF83863978D0D /* muse-floor.png */ = {isa = PBXFileReference; lastKnownFileType = image.png; path = "muse-floor.png"; sourceTree = "<group>"; };
		B194C5E2A0BBB6D9E67B30A2 /* kesha-sprite.png */ = {isa = PBXFileReference; lastKnownFileType = image.png; path = "kesha-sprite.png"; sourceTree = "<group>"; };
		B333FEBEC615A9C45AE372C2 /* PrivacyInfo.xcprivacy */ = {isa = PBXFileReference; path = PrivacyInfo.xcprivacy; sourceTree = "<group>"; };
		B50481CEE01A7FF7A5F2439F /* AlphaServices.swift */ = {isa = PBXFileReference; lastKnownFileType = sourcecode.swift; path = AlphaServices.swift; sourceTree = "<group>"; };
		B50F7D6276F80417F9888373 /* audio-classic-tones.wav */ = {isa = PBXFileReference; lastKnownFileType = audio.wav; path = "audio-classic-tones.wav"; sourceTree = "<group>"; };
		B5F9F3BDB3F8BCA762178A6E /* AppIconController.swift */ = {isa = PBXFileReference; lastKnownFileType = sourcecode.swift; path = AppIconController.swift; sourceTree = "<group>"; };
		B71452A1C00B766E00B57310 /* PimPoPomUITests.swift */ = {isa = PBXFileReference; lastKnownFileType = sourcecode.swift; path = PimPoPomUITests.swift; sourceTree = "<group>"; };
		B807723F13D7024F84747F72 /* GameCoordinator.swift */ = {isa = PBXFileReference; lastKnownFileType = sourcecode.swift; path = GameCoordinator.swift; sourceTree = "<group>"; };
		BB501ACDA16D35FF02259969 /* disco-concrete-lights.png */ = {isa = PBXFileReference; lastKnownFileType = image.png; path = "disco-concrete-lights.png"; sourceTree = "<group>"; };
		BE684D0E61B8053630D1E5B0 /* muse-sprite.png */ = {isa = PBXFileReference; lastKnownFileType = image.png; path = "muse-sprite.png"; sourceTree = "<group>"; };
		C06F6CC5788057DFF2A06D6C /* audio-light-menu.m4a */ = {isa = PBXFileReference; path = "audio-light-menu.m4a"; sourceTree = "<group>"; };
		C14D1BA4FDB4C3A45084E295 /* BackendClient.swift */ = {isa = PBXFileReference; lastKnownFileType = sourcecode.swift; path = BackendClient.swift; sourceTree = "<group>"; };
		C6AB62B941B5843C8BE01C86 /* audio-light-run.m4a */ = {isa = PBXFileReference; path = "audio-light-run.m4a"; sourceTree = "<group>"; };
		CA0B3667E36EAC21E084AD82 /* disco-concrete.png */ = {isa = PBXFileReference; lastKnownFileType = image.png; path = "disco-concrete.png"; sourceTree = "<group>"; };
		CA9147E64A63B3ED05BD3BB1 /* foka-sprite.png */ = {isa = PBXFileReference; lastKnownFileType = image.png; path = "foka-sprite.png"; sourceTree = "<group>"; };
		CAEB9AA462238A2A63B2CD94 /* GoogleIdentityService.swift */ = {isa = PBXFileReference; lastKnownFileType = sourcecode.swift; path = GoogleIdentityService.swift; sourceTree = "<group>"; };
		D7C5648D5AC862EA6F73D7D3 /* ThemePalette.swift */ = {isa = PBXFileReference; lastKnownFileType = sourcecode.swift; path = ThemePalette.swift; sourceTree = "<group>"; };
		DA2E75B83D2198FB2E99E518 /* BackendModels.swift */ = {isa = PBXFileReference; lastKnownFileType = sourcecode.swift; path = BackendModels.swift; sourceTree = "<group>"; };
		DBBE9C296E382B16C791F322 /* audio-classic-menu.m4a */ = {isa = PBXFileReference; path = "audio-classic-menu.m4a"; sourceTree = "<group>"; };
		DEC51376F984CE9F83F10F80 /* audio-oops.wav */ = {isa = PBXFileReference; lastKnownFileType = audio.wav; path = "audio-oops.wav"; sourceTree = "<group>"; };
		E328C0EB9AF13AE87AE7B8E2 /* GameCenterServiceTests.swift */ = {isa = PBXFileReference; lastKnownFileType = sourcecode.swift; path = GameCenterServiceTests.swift; sourceTree = "<group>"; };
		E6D7F26BF3F9299A13AD94E2 /* ProfileView.swift */ = {isa = PBXFileReference; lastKnownFileType = sourcecode.swift; path = ProfileView.swift; sourceTree = "<group>"; };
		E7C97DB7185189A114B58620 /* GameCellArtwork.swift */ = {isa = PBXFileReference; lastKnownFileType = sourcecode.swift; path = GameCellArtwork.swift; sourceTree = "<group>"; };
		EB365660F1E96C034ECE4A85 /* tauta-bed.png */ = {isa = PBXFileReference; lastKnownFileType = image.png; path = "tauta-bed.png"; sourceTree = "<group>"; };
		EDEAE0FBCA4C31EE2F2F79AC /* jersey-10-regular.ttf */ = {isa = PBXFileReference; lastKnownFileType = file; path = "jersey-10-regular.ttf"; sourceTree = "<group>"; };
		EFA3FF089079BA722681A6D7 /* StoreKitConfigurationTests.swift */ = {isa = PBXFileReference; lastKnownFileType = sourcecode.swift; path = StoreKitConfigurationTests.swift; sourceTree = "<group>"; };
		F1C981CB1FBF860FF21F4D20 /* disco-tile-overlay.png */ = {isa = PBXFileReference; lastKnownFileType = image.png; path = "disco-tile-overlay.png"; sourceTree = "<group>"; };
		FA9F840B4895429C17E7AA09 /* Debug.xcconfig */ = {isa = PBXFileReference; lastKnownFileType = text.xcconfig; path = Debug.xcconfig; sourceTree = "<group>"; };
		FF525ACA8A69F39145C25A62 /* AchievementsView.swift */ = {isa = PBXFileReference; lastKnownFileType = sourcecode.swift; path = AchievementsView.swift; sourceTree = "<group>"; };
		FF56D7480C9EE063365DBA9E /* audio-classic-run.m4a */ = {isa = PBXFileReference; path = "audio-classic-run.m4a"; sourceTree = "<group>"; };
/* End PBXFileReference section */

/* Begin PBXFrameworksBuildPhase section */
		F9D9517392BD2126E4EB420D /* Frameworks */ = {
			isa = PBXFrameworksBuildPhase;
			buildActionMask = 2147483647;
			files = (
				56603C4049290197D71E7DE7 /* GoogleSignIn in Frameworks */,
				BA919DD6B28AE526B4C39B05 /* PimPoPomCore in Frameworks */,
			);
			runOnlyForDeploymentPostprocessing = 0;
		};
/* End PBXFrameworksBuildPhase section */

/* Begin PBXGroup section */
		233DDCB53E6246DDBA07FCAF /* UITests */ = {
			isa = PBXGroup;
			children = (
				B71452A1C00B766E00B57310 /* PimPoPomUITests.swift */,
			);
			path = UITests;
			sourceTree = "<group>";
		};
		2AE968C2BAE5CA5981412BB5 /* App */ = {
			isa = PBXGroup;
			children = (
				B50481CEE01A7FF7A5F2439F /* AlphaServices.swift */,
				491AE95125B0A41ABB5B5D44 /* Assets.xcassets */,
				A705B270F5758C926EC0E8EE /* PimPoPomApp.swift */,
				2A0CD8335C4D1E08E4401607 /* RootView.swift */,
				445F7E700DC0D7AE3A16E35D /* Design */,
				65D86F956D0B213E18CB7DF9 /* Features */,
				EBEF85AB212E22ED8DE20E6C /* Gameplay */,
				E5632A3555BEBB5AA3B9681F /* Resources */,
				E1F73E23574CABE39BBD1F87 /* Services */,
			);
			path = App;
			sourceTree = "<group>";
		};
		2F679E87F3A1A7711664559D /* Tests */ = {
			isa = PBXGroup;
			children = (
				233DDCB53E6246DDBA07FCAF /* UITests */,
				B2C490FAA687884E2214FE4F /* Unit */,
			);
			path = Tests;
			sourceTree = "<group>";
		};
		3DE7A7A36049AAC122134165 /* Pets */ = {
			isa = PBXGroup;
			children = (
				A23CF130CC62E45C9C52F2FF /* foka-ice-floe.png */,
				CA9147E64A63B3ED05BD3BB1 /* foka-sprite.png */,
				A094CABC4F0AA44F4126624B /* kesha-perch.png */,
				B194C5E2A0BBB6D9E67B30A2 /* kesha-sprite.png */,
				343C3D60DEB6783CB739995F /* misha-climber.png */,
				3D99FEAD0E68BCE7C68F1E5C /* misha-sprite.png */,
				86D3E0B547149A6CA3BFEFF8 /* mitsuri-cushion.png */,
				101BD799A3D04EB2BA211112 /* mitsuri-sprite.png */,
				AE0A4CFFE2AEF83863978D0D /* muse-floor.png */,
				BE684D0E61B8053630D1E5B0 /* muse-sprite.png */,
				5E7E287D8050BCF1504A5002 /* pancake-floor.png */,
				6D8B77DB0BBFFF1688760C67 /* pancake-sprite.png */,
				EB365660F1E96C034ECE4A85 /* tauta-bed.png */,
				1FD1D8CB83628904EBD471FB /* tauta-sprite.png */,
			);
			path = Pets;
			sourceTree = "<group>";
		};
		42A54BA842C2699F02C5B2DA /* Themes */ = {
			isa = PBXGroup;
			children = (
				BB501ACDA16D35FF02259969 /* disco-concrete-lights.png */,
				CA0B3667E36EAC21E084AD82 /* disco-concrete.png */,
				F1C981CB1FBF860FF21F4D20 /* disco-tile-overlay.png */,
			);
			path = Themes;
			sourceTree = "<group>";
		};
		445F7E700DC0D7AE3A16E35D /* Design */ = {
			isa = PBXGroup;
			children = (
				E7C97DB7185189A114B58620 /* GameCellArtwork.swift */,
				500A410B8A8FB5EA87D1D796 /* MenuMotivation.swift */,
				06BD944BC8141501BC78FDD5 /* PetCompanionView.swift */,
				D7C5648D5AC862EA6F73D7D3 /* ThemePalette.swift */,
				467533F013F74FD6A8F82FD2 /* WebParityComponents.swift */,
			);
			path = Design;
			sourceTree = "<group>";
		};
		5613FBE8D6F777639158706B /* Packages */ = {
			isa = PBXGroup;
			children = (
				1EDDAAA3EB14D6E430476DAB /* PimPoPomCore */,
			);
			path = Packages;
			sourceTree = "<group>";
		};
		5D407D1F0AAFF5FCB9764446 /* Audio */ = {
			isa = PBXGroup;
			children = (
				DBBE9C296E382B16C791F322 /* audio-classic-menu.m4a */,
				FF56D7480C9EE063365DBA9E /* audio-classic-run.m4a */,
				B50F7D6276F80417F9888373 /* audio-classic-tones.wav */,
				81C7F07E02E90EBF9753B984 /* audio-disco-menu.m4a */,
				6038C3199A866EB364429ECE /* audio-disco-run.m4a */,
				753FA81D6CDF4241131655B3 /* audio-disco-tones.wav */,
				C06F6CC5788057DFF2A06D6C /* audio-light-menu.m4a */,
				C6AB62B941B5843C8BE01C86 /* audio-light-run.m4a */,
				7A7AAB5003782A88EC74437A /* audio-light-tones.wav */,
				DEC51376F984CE9F83F10F80 /* audio-oops.wav */,
				36E62A1E561A8AFF96306F57 /* audio-pimpopom-sting.wav */,
				7ACAA14B12BB30BA3BF702E4 /* audio-pixel-menu.m4a */,
				5E5B8A0B92FABA6CEC0AEBE9 /* audio-pixel-run.m4a */,
				12AF44BA9D72AACA0C78C26A /* audio-pixel-tones.wav */,
			);
			path = Audio;
			sourceTree = "<group>";
		};
		65D86F956D0B213E18CB7DF9 /* Features */ = {
			isa = PBXGroup;
			children = (
				FF525ACA8A69F39145C25A62 /* AchievementsView.swift */,
				2E74F9E16529B1D03A0091EF /* CoinStorePlaceholderView.swift */,
				7B02F42DD55DDD992F3F6A1C /* CosmeticsController.swift */,
				2CCE0AEC90A1A12260E48BAC /* LeaderboardComponents.swift */,
				0EBF5C4AF34815F2A48368D5 /* LeaderboardView.swift */,
				A54435E3370FE5F0E7640F4F /* PetShopView.swift */,
				E6D7F26BF3F9299A13AD94E2 /* ProfileView.swift */,
				A3E2A0743676367B419D7078 /* PurchaseController.swift */,
				4FEFC1C4ECEF55BBCC02BEEB /* SettingsView.swift */,
				65BB1BD18A651EC92FD1FDFA /* ThemeShopView.swift */,
			);
			path = Features;
			sourceTree = "<group>";
		};
		7E4D5331551CB9CCC4CF739D /* Products */ = {
			isa = PBXGroup;
			children = (
				AB2BA21A885F2ADE255459DC /* PimPoPom.app */,
				59325BF36E2F3C3A524AD069 /* PimPoPomTests.xctest */,
				9231B0F62DCB580532E9BE1E /* PimPoPomUITests.xctest */,
			);
			name = Products;
			sourceTree = "<group>";
		};
		91A5B4D35C7E7F741CBE1C77 /* Fonts */ = {
			isa = PBXGroup;
			children = (
				EDEAE0FBCA4C31EE2F2F79AC /* jersey-10-regular.ttf */,
			);
			path = Fonts;
			sourceTree = "<group>";
		};
		B2C490FAA687884E2214FE4F /* Unit */ = {
			isa = PBXGroup;
			children = (
				29E26897A668D55114A2D880 /* AudioResourceTests.swift */,
				30B2D865EDE901251EB3BF50 /* BackendClientTests.swift */,
				14821899A07BB2BDA2E926AD /* CosmeticsTests.swift */,
				E328C0EB9AF13AE87AE7B8E2 /* GameCenterServiceTests.swift */,
				8B0720CCA15E7E1FD1019F66 /* GameplayLifecycleTests.swift */,
				29A9F154E867F1DC4A4A6BF2 /* PreferencesAndContractTests.swift */,
				6DB6C589BE481A259B3E92FE /* PurchaseControllerTests.swift */,
				EFA3FF089079BA722681A6D7 /* StoreKitConfigurationTests.swift */,
			);
			path = Unit;
			sourceTree = "<group>";
		};
		C636B9FB9800F1010DC9A731 = {
			isa = PBXGroup;
			children = (
				2AE968C2BAE5CA5981412BB5 /* App */,
				C93D5D2EA44DCFBF2870631A /* Config */,
				5613FBE8D6F777639158706B /* Packages */,
				2F679E87F3A1A7711664559D /* Tests */,
				7E4D5331551CB9CCC4CF739D /* Products */,
			);
			sourceTree = "<group>";
		};
		C93D5D2EA44DCFBF2870631A /* Config */ = {
			isa = PBXGroup;
			children = (
				FA9F840B4895429C17E7AA09 /* Debug.xcconfig */,
				86EABB78532A8A66E0E421C5 /* PimPoPom.storekit */,
				449D22C0A57AFCE9ED5C7277 /* Release.xcconfig */,
				6FF762CE49FF020FD9A3F626 /* Staging.xcconfig */,
			);
			path = Config;
			sourceTree = "<group>";
		};
		E1F73E23574CABE39BBD1F87 /* Services */ = {
			isa = PBXGroup;
			children = (
				B5F9F3BDB3F8BCA762178A6E /* AppIconController.swift */,
				ABECCCD111FA390D73ABE0D1 /* AppPreferences.swift */,
				1EAF0D8DD171854555FDD1CF /* AudioController.swift */,
				C14D1BA4FDB4C3A45084E295 /* BackendClient.swift */,
				DA2E75B83D2198FB2E99E518 /* BackendModels.swift */,
				1CDFEBDA8D59CB7311673548 /* GameCenterService.swift */,
				CAEB9AA462238A2A63B2CD94 /* GoogleIdentityService.swift */,
				905FC701397B6FABBAEC89F4 /* HomeQuickActionController.swift */,
				1E34313443268FB37F824D3E /* LocalStoreKitCreditService.swift */,
				A9CC5EE844D22FB3BF197B67 /* StoreKitModels.swift */,
				11F37B0D75969458F56254C5 /* StoreKitService.swift */,
			);
			path = Services;
			sourceTree = "<group>";
		};
		E5632A3555BEBB5AA3B9681F /* Resources */ = {
			isa = PBXGroup;
			children = (
				B333FEBEC615A9C45AE372C2 /* PrivacyInfo.xcprivacy */,
				5D407D1F0AAFF5FCB9764446 /* Audio */,
				91A5B4D35C7E7F741CBE1C77 /* Fonts */,
				3DE7A7A36049AAC122134165 /* Pets */,
				42A54BA842C2699F02C5B2DA /* Themes */,
			);
			path = Resources;
			sourceTree = "<group>";
		};
		EBEF85AB212E22ED8DE20E6C /* Gameplay */ = {
			isa = PBXGroup;
			children = (
				B807723F13D7024F84747F72 /* GameCoordinator.swift */,
				9648B3C4989B1B1FF9557057 /* GameScene.swift */,
				5D742807F5506EC05BA9FAFE /* GameView.swift */,
			);
			path = Gameplay;
			sourceTree = "<group>";
		};
/* End PBXGroup section */

/* Begin PBXNativeTarget section */
		030B2CE7F1621A5B13CB0A74 /* PimPoPom */ = {
			isa = PBXNativeTarget;
			buildConfigurationList = 9A09BF5086431841B173A992 /* Build configuration list for PBXNativeTarget "PimPoPom" */;
			buildPhases = (
				2414FB905358B2A20AB75577 /* Sources */,
				95ED53470D18B02171397D56 /* Resources */,
				F9D9517392BD2126E4EB420D /* Frameworks */,
			);
			buildRules = (
			);
			dependencies = (
			);
			name = PimPoPom;
			packageProductDependencies = (
				C4870F00BE8DF3014F005A13 /* GoogleSignIn */,
				B99BB11775542C9E63F45B2A /* PimPoPomCore */,
			);
			productName = PimPoPom;
			productReference = AB2BA21A885F2ADE255459DC /* PimPoPom.app */;
			productType = "com.apple.product-type.application";
		};
		683ABCAC4AC53450DFB5BDEF /* PimPoPomTests */ = {
			isa = PBXNativeTarget;
			buildConfigurationList = 7C6BC591E85632941BC2B1EF /* Build configuration list for PBXNativeTarget "PimPoPomTests" */;
			buildPhases = (
				153A4C92B675372A15597D6A /* Sources */,
			);
			buildRules = (
			);
			dependencies = (
				D34DD6FB81E517DF0CB48CB4 /* PBXTargetDependency */,
			);
			name = PimPoPomTests;
			packageProductDependencies = (
			);
			productName = PimPoPomTests;
			productReference = 59325BF36E2F3C3A524AD069 /* PimPoPomTests.xctest */;
			productType = "com.apple.product-type.bundle.unit-test";
		};
		98410228FA17337B81547FD1 /* PimPoPomUITests */ = {
			isa = PBXNativeTarget;
			buildConfigurationList = 2BF7BF929D35A805D7A7BA2B /* Build configuration list for PBXNativeTarget "PimPoPomUITests" */;
			buildPhases = (
				47818E1F154C1573AB680ECE /* Sources */,
			);
			buildRules = (
			);
			dependencies = (
				5840AAC367CF6ABFFFA1DCC4 /* PBXTargetDependency */,
			);
			name = PimPoPomUITests;
			packageProductDependencies = (
			);
			productName = PimPoPomUITests;
			productReference = 9231B0F62DCB580532E9BE1E /* PimPoPomUITests.xctest */;
			productType = "com.apple.product-type.bundle.ui-testing";
		};
/* End PBXNativeTarget section */

/* Begin PBXProject section */
		409F99DCD15ECDCD03F25003 /* Project object */ = {
			isa = PBXProject;
			attributes = {
				BuildIndependentTargetsInParallel = YES;
				LastUpgradeCheck = 1430;
				TargetAttributes = {
					030B2CE7F1621A5B13CB0A74 = {
						ProvisioningStyle = Automatic;
					};
					98410228FA17337B81547FD1 = {
						TestTargetID = 030B2CE7F1621A5B13CB0A74;
					};
				};
			};
			buildConfigurationList = 37A9EAD1DC61092F118E30C4 /* Build configuration list for PBXProject "PimPoPom" */;
			developmentRegion = en;
			hasScannedForEncodings = 0;
			knownRegions = (
				Base,
				en,
			);
			mainGroup = C636B9FB9800F1010DC9A731;
			minimizedProjectReferenceProxies = 1;
			packageReferences = (
				469DEE5C00923AD86A105EA1 /* XCRemoteSwiftPackageReference "GoogleSignIn-iOS" */,
				55A92665BC935329EDF14206 /* XCLocalSwiftPackageReference "Packages/PimPoPomCore" */,
			);
			preferredProjectObjectVersion = 77;
			productRefGroup = 7E4D5331551CB9CCC4CF739D /* Products */;
			projectDirPath = "";
			projectRoot = "";
			targets = (
				030B2CE7F1621A5B13CB0A74 /* PimPoPom */,
				683ABCAC4AC53450DFB5BDEF /* PimPoPomTests */,
				98410228FA17337B81547FD1 /* PimPoPomUITests */,
			);
		};
/* End PBXProject section */

/* Begin PBXResourcesBuildPhase section */
		95ED53470D18B02171397D56 /* Resources */ = {
			isa = PBXResourcesBuildPhase;
			buildActionMask = 2147483647;
			files = (
				6E46ABD4087FBC9FAF4D9E0C /* Assets.xcassets in Resources */,
				9CAA0142DC9459BD38BB7961 /* PrivacyInfo.xcprivacy in Resources */,
				F3A8B24E48292FDEB6D6401E /* audio-classic-menu.m4a in Resources */,
				069780A643FA0657F2591156 /* audio-classic-run.m4a in Resources */,
				8C19FB3935B020FF5F45B92E /* audio-classic-tones.wav in Resources */,
				8E1D7FCE60EF4C68B0AA0A80 /* audio-disco-menu.m4a in Resources */,
				9C470570FF857655FC7C104B /* audio-disco-run.m4a in Resources */,
				F037D0227E7E02244D5E47A6 /* audio-disco-tones.wav in Resources */,
				04052855CC26052581CF9499 /* audio-light-menu.m4a in Resources */,
				BBCC077B701858F45928B177 /* audio-light-run.m4a in Resources */,
				18D7F6E90248D32DD8371432 /* audio-light-tones.wav in Resources */,
				754E8CD00718D0D507BB1414 /* audio-oops.wav in Resources */,
				339BFE056EAC7EFF394CC904 /* audio-pimpopom-sting.wav in Resources */,
				228758F9D283D50E443CD560 /* audio-pixel-menu.m4a in Resources */,
				BAAA8B086F97BE06F9456CA5 /* audio-pixel-run.m4a in Resources */,
				2749EA7C9189C2642CC5D2BB /* audio-pixel-tones.wav in Resources */,
				BA189338D2A4A66BF5D5C18D /* disco-concrete-lights.png in Resources */,
				9B7E95ABFFA0240D9388D799 /* disco-concrete.png in Resources */,
				E8E636A718E81A60D4C7A612 /* disco-tile-overlay.png in Resources */,
				33CE829944CE88CF56F940A8 /* foka-ice-floe.png in Resources */,
				F4AE009770F8DC89C9519B7B /* foka-sprite.png in Resources */,
				997453F97D0DAA43FBBF5C3B /* jersey-10-regular.ttf in Resources */,
				11BEA7BA6EFF98C47DF75DCB /* kesha-perch.png in Resources */,
				24F0C16C1DE42D0FB31628E2 /* kesha-sprite.png in Resources */,
				0AD2A3C5E816E83335A715E9 /* misha-climber.png in Resources */,
				D2FF783D7B37B3FD555CEF37 /* misha-sprite.png in Resources */,
				E5D286413EAD1E278F2BD941 /* mitsuri-cushion.png in Resources */,
				B93DE763FA288BEE65FFDAB5 /* mitsuri-sprite.png in Resources */,
				36B37175BB6E0CBFE6607C34 /* muse-floor.png in Resources */,
				D67810BA07DC1F0D8729A51C /* muse-sprite.png in Resources */,
				022E13F9976B529A2E50B800 /* pancake-floor.png in Resources */,
				22B0ADE3ECAA3BF9FCA9423C /* pancake-sprite.png in Resources */,
				D6D371E196A373C5B11204BE /* tauta-bed.png in Resources */,
				BDAA90ADC1CBF50E0DF1294B /* tauta-sprite.png in Resources */,
			);
			runOnlyForDeploymentPostprocessing = 0;
		};
/* End PBXResourcesBuildPhase section */

/* Begin PBXSourcesBuildPhase section */
		153A4C92B675372A15597D6A /* Sources */ = {
			isa = PBXSourcesBuildPhase;
			buildActionMask = 2147483647;
			files = (
				EB00C2D0A32CCA70F8CF6815 /* AudioResourceTests.swift in Sources */,
				F4BE7E43D2F9EDD68C5E6222 /* BackendClientTests.swift in Sources */,
				EC973FFC9A80D9161FFD63BE /* CosmeticsTests.swift in Sources */,
				5BEA3BACD8EB0235D01BCC96 /* GameCenterServiceTests.swift in Sources */,
				3E4866E14392A098908AB96C /* GameplayLifecycleTests.swift in Sources */,
				94C570313EE1FF20125AB261 /* PreferencesAndContractTests.swift in Sources */,
				2BC9C266D38E20EC72551C54 /* PurchaseControllerTests.swift in Sources */,
				E359484EDDD010BB1C4A60B7 /* StoreKitConfigurationTests.swift in Sources */,
			);
			runOnlyForDeploymentPostprocessing = 0;
		};
		2414FB905358B2A20AB75577 /* Sources */ = {
			isa = PBXSourcesBuildPhase;
			buildActionMask = 2147483647;
			files = (
				79626C9CB9781B5F076872BA /* AchievementsView.swift in Sources */,
				1F02862C0A6B80FF87B359AA /* AlphaServices.swift in Sources */,
				6185F73548A72BDD8BCF2748 /* AppIconController.swift in Sources */,
				C01812EFB30EF59819E2FB1F /* AppPreferences.swift in Sources */,
				3E8B789C6846539EE101679E /* AudioController.swift in Sources */,
				EC4D12BB76246E0CCE7A9FEB /* BackendClient.swift in Sources */,
				46F5040558302ED97373D477 /* BackendModels.swift in Sources */,
				67F0AF77CE60515A87B32524 /* CoinStorePlaceholderView.swift in Sources */,
				B3156A465A8D835A460370F9 /* CosmeticsController.swift in Sources */,
				A19D6210497A3D375CDC07BE /* GameCellArtwork.swift in Sources */,
				865CDEB8D47E9E99AF4CD2BF /* GameCenterService.swift in Sources */,
				9F8A30F6CC7C5F10AA8B29A9 /* GameCoordinator.swift in Sources */,
				B54D89DF66FCDB5FAFF8E580 /* GameScene.swift in Sources */,
				03C5088E3A1AE66E14B744E2 /* GameView.swift in Sources */,
				2AF7366D4D82412DC93BE3EE /* GoogleIdentityService.swift in Sources */,
				772C2F80F660AC69F7545563 /* HomeQuickActionController.swift in Sources */,
				9329B260676A90EA6FB29600 /* LeaderboardComponents.swift in Sources */,
				76422CFC6955DE551BADA09C /* LeaderboardView.swift in Sources */,
				DFBB0EAB96AFD9C8BC9AA6F9 /* LocalStoreKitCreditService.swift in Sources */,
				60E02E8EFDA3F957C1254099 /* MenuMotivation.swift in Sources */,
				5357B48D32C47C33546CE804 /* PetCompanionView.swift in Sources */,
				7465439690FF5A935BA8A3AC /* PetShopView.swift in Sources */,
				1F56100B9FA124B56BA3A42B /* PimPoPomApp.swift in Sources */,
				5BC9981FB9E84A0D785CB2CC /* ProfileView.swift in Sources */,
				066C6CBA43656DC6D7BA87F3 /* PurchaseController.swift in Sources */,
				8A9091375A080E76B3131D5B /* RootView.swift in Sources */,
				03528CE7275198A4BEB75E9B /* SettingsView.swift in Sources */,
				A8C18C383224F6F97F475FB5 /* StoreKitModels.swift in Sources */,
				9BE6F4395E1981A42564EE35 /* StoreKitService.swift in Sources */,
				65F537F39016C296EE68C361 /* ThemePalette.swift in Sources */,
				F0C814B129B6961AD724CF1B /* ThemeShopView.swift in Sources */,
				AD08CA3A1C6D214B2F3957B3 /* WebParityComponents.swift in Sources */,
			);
			runOnlyForDeploymentPostprocessing = 0;
		};
		47818E1F154C1573AB680ECE /* Sources */ = {
			isa = PBXSourcesBuildPhase;
			buildActionMask = 2147483647;
			files = (
				21FE80EF1F42DF365799E8B3 /* PimPoPomUITests.swift in Sources */,
			);
			runOnlyForDeploymentPostprocessing = 0;
		};
/* End PBXSourcesBuildPhase section */

/* Begin PBXTargetDependency section */
		5840AAC367CF6ABFFFA1DCC4 /* PBXTargetDependency */ = {
			isa = PBXTargetDependency;
			target = 030B2CE7F1621A5B13CB0A74 /* PimPoPom */;
			targetProxy = 7B473F3F0E5B60E3D1519E7B /* PBXContainerItemProxy */;
		};
		D34DD6FB81E517DF0CB48CB4 /* PBXTargetDependency */ = {
			isa = PBXTargetDependency;
			target = 030B2CE7F1621A5B13CB0A74 /* PimPoPom */;
			targetProxy = 938AAFF7C7D4D71155C6D7B1 /* PBXContainerItemProxy */;
		};
/* End PBXTargetDependency section */

/* Begin XCBuildConfiguration section */
		062193F1EB0048C7233261E0 /* Staging */ = {
			isa = XCBuildConfiguration;
			baseConfigurationReference = 6FF762CE49FF020FD9A3F626 /* Staging.xcconfig */;
			buildSettings = {
				ASSETCATALOG_COMPILER_ALTERNATE_APPICON_NAMES = (
					AppIconLight,
					AppIconPixel,
				);
				ASSETCATALOG_COMPILER_APPICON_NAME = AppIcon;
				CODE_SIGN_ENTITLEMENTS = Config/PimPoPom.entitlements;
				CODE_SIGN_IDENTITY = "iPhone Developer";
				CODE_SIGN_STYLE = Automatic;
				ENABLE_PREVIEWS = YES;
				GENERATE_INFOPLIST_FILE = NO;
				INFOPLIST_FILE = Config/Info.plist;
				LD_RUNPATH_SEARCH_PATHS = (
					"$(inherited)",
					"@executable_path/Frameworks",
				);
				PRODUCT_NAME = PimPoPom;
				SDKROOT = iphoneos;
				SUPPORTS_MACCATALYST = NO;
				TARGETED_DEVICE_FAMILY = 1;
			};
			name = Staging;
		};
		28FE4F50BAB8BF1485DDB47F /* Debug */ = {
			isa = XCBuildConfiguration;
			buildSettings = {
				BUNDLE_LOADER = "$(TEST_HOST)";
				GENERATE_INFOPLIST_FILE = YES;
				IPHONEOS_DEPLOYMENT_TARGET = 17.0;
				LD_RUNPATH_SEARCH_PATHS = (
					"$(inherited)",
					"@executable_path/Frameworks",
					"@loader_path/Frameworks",
				);
				PRODUCT_BUNDLE_IDENTIFIER = com.otcsoftware.pimpopom.tests;
				SDKROOT = iphoneos;
				TARGETED_DEVICE_FAMILY = "1,2";
				TEST_HOST = "$(BUILT_PRODUCTS_DIR)/PimPoPom.app/PimPoPom";
			};
			name = Debug;
		};
		52A687F72F18969A399E0D18 /* Release */ = {
			isa = XCBuildConfiguration;
			buildSettings = {
				BUNDLE_LOADER = "$(TEST_HOST)";
				GENERATE_INFOPLIST_FILE = YES;
				IPHONEOS_DEPLOYMENT_TARGET = 17.0;
				LD_RUNPATH_SEARCH_PATHS = (
					"$(inherited)",
					"@executable_path/Frameworks",
					"@loader_path/Frameworks",
				);
				PRODUCT_BUNDLE_IDENTIFIER = com.otcsoftware.pimpopom.tests;
				SDKROOT = iphoneos;
				TARGETED_DEVICE_FAMILY = "1,2";
				TEST_HOST = "$(BUILT_PRODUCTS_DIR)/PimPoPom.app/PimPoPom";
			};
			name = Release;
		};
		5A8B31A2F7EA0AA3011013B1 /* Release */ = {
			isa = XCBuildConfiguration;
			buildSettings = {
				ALWAYS_SEARCH_USER_PATHS = NO;
				CLANG_ANALYZER_NONNULL = YES;
				CLANG_ANALYZER_NUMBER_OBJECT_CONVERSION = YES_AGGRESSIVE;
				CLANG_CXX_LANGUAGE_STANDARD = "gnu++14";
				CLANG_CXX_LIBRARY = "libc++";
				CLANG_ENABLE_MODULES = YES;
				CLANG_ENABLE_OBJC_ARC = YES;
				CLANG_ENABLE_OBJC_WEAK = YES;
				CLANG_WARN_BLOCK_CAPTURE_AUTORELEASING = YES;
				CLANG_WARN_BOOL_CONVERSION = YES;
				CLANG_WARN_COMMA = YES;
				CLANG_WARN_CONSTANT_CONVERSION = YES;
				CLANG_WARN_DEPRECATED_OBJC_IMPLEMENTATIONS = YES;
				CLANG_WARN_DIRECT_OBJC_ISA_USAGE = YES_ERROR;
				CLANG_WARN_DOCUMENTATION_COMMENTS = YES;
				CLANG_WARN_EMPTY_BODY = YES;
				CLANG_WARN_ENUM_CONVERSION = YES;
				CLANG_WARN_INFINITE_RECURSION = YES;
				CLANG_WARN_INT_CONVERSION = YES;
				CLANG_WARN_NON_LITERAL_NULL_CONVERSION = YES;
				CLANG_WARN_OBJC_IMPLICIT_RETAIN_SELF = YES;
				CLANG_WARN_OBJC_LITERAL_CONVERSION = YES;
				CLANG_WARN_OBJC_ROOT_CLASS = YES_ERROR;
				CLANG_WARN_QUOTED_INCLUDE_IN_FRAMEWORK_HEADER = YES;
				CLANG_WARN_RANGE_LOOP_ANALYSIS = YES;
				CLANG_WARN_STRICT_PROTOTYPES = YES;
				CLANG_WARN_SUSPICIOUS_MOVE = YES;
				CLANG_WARN_UNGUARDED_AVAILABILITY = YES_AGGRESSIVE;
				CLANG_WARN_UNREACHABLE_CODE = YES;
				CLANG_WARN__DUPLICATE_METHOD_MATCH = YES;
				COPY_PHASE_STRIP = NO;
				DEBUG_INFORMATION_FORMAT = "dwarf-with-dsym";
				ENABLE_NS_ASSERTIONS = NO;
				ENABLE_STRICT_OBJC_MSGSEND = YES;
				GCC_C_LANGUAGE_STANDARD = gnu11;
				GCC_NO_COMMON_BLOCKS = YES;
				GCC_WARN_64_TO_32_BIT_CONVERSION = YES;
				GCC_WARN_ABOUT_RETURN_TYPE = YES_ERROR;
				GCC_WARN_UNDECLARED_SELECTOR = YES;
				GCC_WARN_UNINITIALIZED_AUTOS = YES_AGGRESSIVE;
				GCC_WARN_UNUSED_FUNCTION = YES;
				GCC_WARN_UNUSED_VARIABLE = YES;
				IPHONEOS_DEPLOYMENT_TARGET = 17.0;
				MTL_ENABLE_DEBUG_INFO = NO;
				MTL_FAST_MATH = YES;
				PRODUCT_NAME = "$(TARGET_NAME)";
				SDKROOT = iphoneos;
				SWIFT_COMPILATION_MODE = wholemodule;
				SWIFT_OPTIMIZATION_LEVEL = "-O";
				SWIFT_VERSION = 5.0;
			};
			name = Release;
		};
		69586BB94E0EE348151EFA5F /* Staging */ = {
			isa = XCBuildConfiguration;
			buildSettings = {
				BUNDLE_LOADER = "$(TEST_HOST)";
				GENERATE_INFOPLIST_FILE = YES;
				IPHONEOS_DEPLOYMENT_TARGET = 17.0;
				LD_RUNPATH_SEARCH_PATHS = (
					"$(inherited)",
					"@executable_path/Frameworks",
					"@loader_path/Frameworks",
				);
				PRODUCT_BUNDLE_IDENTIFIER = com.otcsoftware.pimpopom.uitests;
				SDKROOT = iphoneos;
				TARGETED_DEVICE_FAMILY = "1,2";
				TEST_TARGET_NAME = PimPoPom;
			};
			name = Staging;
		};
		6BF0CE206DD6A822EAF73DC1 /* Debug */ = {
			isa = XCBuildConfiguration;
			buildSettings = {
				ALWAYS_SEARCH_USER_PATHS = NO;
				CLANG_ANALYZER_NONNULL = YES;
				CLANG_ANALYZER_NUMBER_OBJECT_CONVERSION = YES_AGGRESSIVE;
				CLANG_CXX_LANGUAGE_STANDARD = "gnu++14";
				CLANG_CXX_LIBRARY = "libc++";
				CLANG_ENABLE_MODULES = YES;
				CLANG_ENABLE_OBJC_ARC = YES;
				CLANG_ENABLE_OBJC_WEAK = YES;
				CLANG_WARN_BLOCK_CAPTURE_AUTORELEASING = YES;
				CLANG_WARN_BOOL_CONVERSION = YES;
				CLANG_WARN_COMMA = YES;
				CLANG_WARN_CONSTANT_CONVERSION = YES;
				CLANG_WARN_DEPRECATED_OBJC_IMPLEMENTATIONS = YES;
				CLANG_WARN_DIRECT_OBJC_ISA_USAGE = YES_ERROR;
				CLANG_WARN_DOCUMENTATION_COMMENTS = YES;
				CLANG_WARN_EMPTY_BODY = YES;
				CLANG_WARN_ENUM_CONVERSION = YES;
				CLANG_WARN_INFINITE_RECURSION = YES;
				CLANG_WARN_INT_CONVERSION = YES;
				CLANG_WARN_NON_LITERAL_NULL_CONVERSION = YES;
				CLANG_WARN_OBJC_IMPLICIT_RETAIN_SELF = YES;
				CLANG_WARN_OBJC_LITERAL_CONVERSION = YES;
				CLANG_WARN_OBJC_ROOT_CLASS = YES_ERROR;
				CLANG_WARN_QUOTED_INCLUDE_IN_FRAMEWORK_HEADER = YES;
				CLANG_WARN_RANGE_LOOP_ANALYSIS = YES;
				CLANG_WARN_STRICT_PROTOTYPES = YES;
				CLANG_WARN_SUSPICIOUS_MOVE = YES;
				CLANG_WARN_UNGUARDED_AVAILABILITY = YES_AGGRESSIVE;
				CLANG_WARN_UNREACHABLE_CODE = YES;
				CLANG_WARN__DUPLICATE_METHOD_MATCH = YES;
				COPY_PHASE_STRIP = NO;
				DEBUG_INFORMATION_FORMAT = dwarf;
				ENABLE_STRICT_OBJC_MSGSEND = YES;
				ENABLE_TESTABILITY = YES;
				GCC_C_LANGUAGE_STANDARD = gnu11;
				GCC_DYNAMIC_NO_PIC = NO;
				GCC_NO_COMMON_BLOCKS = YES;
				GCC_OPTIMIZATION_LEVEL = 0;
				GCC_PREPROCESSOR_DEFINITIONS = (
					"$(inherited)",
					"DEBUG=1",
				);
				GCC_WARN_64_TO_32_BIT_CONVERSION = YES;
				GCC_WARN_ABOUT_RETURN_TYPE = YES_ERROR;
				GCC_WARN_UNDECLARED_SELECTOR = YES;
				GCC_WARN_UNINITIALIZED_AUTOS = YES_AGGRESSIVE;
				GCC_WARN_UNUSED_FUNCTION = YES;
				GCC_WARN_UNUSED_VARIABLE = YES;
				IPHONEOS_DEPLOYMENT_TARGET = 17.0;
				MTL_ENABLE_DEBUG_INFO = INCLUDE_SOURCE;
				MTL_FAST_MATH = YES;
				ONLY_ACTIVE_ARCH = YES;
				PRODUCT_NAME = "$(TARGET_NAME)";
				SDKROOT = iphoneos;
				SWIFT_ACTIVE_COMPILATION_CONDITIONS = DEBUG;
				SWIFT_OPTIMIZATION_LEVEL = "-Onone";
				SWIFT_VERSION = 5.0;
			};
			name = Debug;
		};
		79A7301A4535CC2DF50CC17F /* Release */ = {
			isa = XCBuildConfiguration;
			baseConfigurationReference = 449D22C0A57AFCE9ED5C7277 /* Release.xcconfig */;
			buildSettings = {
				ASSETCATALOG_COMPILER_ALTERNATE_APPICON_NAMES = (
					AppIconLight,
					AppIconPixel,
				);
				ASSETCATALOG_COMPILER_APPICON_NAME = AppIcon;
				CODE_SIGN_ENTITLEMENTS = Config/PimPoPom.entitlements;
				CODE_SIGN_IDENTITY = "iPhone Developer";
				CODE_SIGN_STYLE = Automatic;
				ENABLE_PREVIEWS = YES;
				GENERATE_INFOPLIST_FILE = NO;
				INFOPLIST_FILE = Config/Info.plist;
				LD_RUNPATH_SEARCH_PATHS = (
					"$(inherited)",
					"@executable_path/Frameworks",
				);
				PRODUCT_NAME = PimPoPom;
				SDKROOT = iphoneos;
				SUPPORTS_MACCATALYST = NO;
				TARGETED_DEVICE_FAMILY = 1;
			};
			name = Release;
		};
		9365BB071926F3AC1F4A9ACE /* Debug */ = {
			isa = XCBuildConfiguration;
			buildSettings = {
				BUNDLE_LOADER = "$(TEST_HOST)";
				GENERATE_INFOPLIST_FILE = YES;
				IPHONEOS_DEPLOYMENT_TARGET = 17.0;
				LD_RUNPATH_SEARCH_PATHS = (
					"$(inherited)",
					"@executable_path/Frameworks",
					"@loader_path/Frameworks",
				);
				PRODUCT_BUNDLE_IDENTIFIER = com.otcsoftware.pimpopom.uitests;
				SDKROOT = iphoneos;
				TARGETED_DEVICE_FAMILY = "1,2";
				TEST_TARGET_NAME = PimPoPom;
			};
			name = Debug;
		};
		9E1FC7DD902BF8A2E340F62C /* Debug */ = {
			isa = XCBuildConfiguration;
			baseConfigurationReference = FA9F840B4895429C17E7AA09 /* Debug.xcconfig */;
			buildSettings = {
				ASSETCATALOG_COMPILER_ALTERNATE_APPICON_NAMES = (
					AppIconLight,
					AppIconPixel,
				);
				ASSETCATALOG_COMPILER_APPICON_NAME = AppIcon;
				CODE_SIGN_ENTITLEMENTS = Config/PimPoPom.entitlements;
				CODE_SIGN_IDENTITY = "iPhone Developer";
				CODE_SIGN_STYLE = Automatic;
				ENABLE_PREVIEWS = YES;
				GENERATE_INFOPLIST_FILE = NO;
				INFOPLIST_FILE = Config/Info.plist;
				LD_RUNPATH_SEARCH_PATHS = (
					"$(inherited)",
					"@executable_path/Frameworks",
				);
				PRODUCT_NAME = PimPoPom;
				SDKROOT = iphoneos;
				SUPPORTS_MACCATALYST = NO;
				TARGETED_DEVICE_FAMILY = 1;
			};
			name = Debug;
		};
		B3660DCAAD9D449478CBCC4D /* Release */ = {
			isa = XCBuildConfiguration;
			buildSettings = {
				BUNDLE_LOADER = "$(TEST_HOST)";
				GENERATE_INFOPLIST_FILE = YES;
				IPHONEOS_DEPLOYMENT_TARGET = 17.0;
				LD_RUNPATH_SEARCH_PATHS = (
					"$(inherited)",
					"@executable_path/Frameworks",
					"@loader_path/Frameworks",
				);
				PRODUCT_BUNDLE_IDENTIFIER = com.otcsoftware.pimpopom.uitests;
				SDKROOT = iphoneos;
				TARGETED_DEVICE_FAMILY = "1,2";
				TEST_TARGET_NAME = PimPoPom;
			};
			name = Release;
		};
		B38A1DAFD5687F297E929161 /* Staging */ = {
			isa = XCBuildConfiguration;
			buildSettings = {
				ALWAYS_SEARCH_USER_PATHS = NO;
				CLANG_ANALYZER_NONNULL = YES;
				CLANG_ANALYZER_NUMBER_OBJECT_CONVERSION = YES_AGGRESSIVE;
				CLANG_CXX_LANGUAGE_STANDARD = "gnu++14";
				CLANG_CXX_LIBRARY = "libc++";
				CLANG_ENABLE_MODULES = YES;
				CLANG_ENABLE_OBJC_ARC = YES;
				CLANG_ENABLE_OBJC_WEAK = YES;
				CLANG_WARN_BLOCK_CAPTURE_AUTORELEASING = YES;
				CLANG_WARN_BOOL_CONVERSION = YES;
				CLANG_WARN_COMMA = YES;
				CLANG_WARN_CONSTANT_CONVERSION = YES;
				CLANG_WARN_DEPRECATED_OBJC_IMPLEMENTATIONS = YES;
				CLANG_WARN_DIRECT_OBJC_ISA_USAGE = YES_ERROR;
				CLANG_WARN_DOCUMENTATION_COMMENTS = YES;
				CLANG_WARN_EMPTY_BODY = YES;
				CLANG_WARN_ENUM_CONVERSION = YES;
				CLANG_WARN_INFINITE_RECURSION = YES;
				CLANG_WARN_INT_CONVERSION = YES;
				CLANG_WARN_NON_LITERAL_NULL_CONVERSION = YES;
				CLANG_WARN_OBJC_IMPLICIT_RETAIN_SELF = YES;
				CLANG_WARN_OBJC_LITERAL_CONVERSION = YES;
				CLANG_WARN_OBJC_ROOT_CLASS = YES_ERROR;
				CLANG_WARN_QUOTED_INCLUDE_IN_FRAMEWORK_HEADER = YES;
				CLANG_WARN_RANGE_LOOP_ANALYSIS = YES;
				CLANG_WARN_STRICT_PROTOTYPES = YES;
				CLANG_WARN_SUSPICIOUS_MOVE = YES;
				CLANG_WARN_UNGUARDED_AVAILABILITY = YES_AGGRESSIVE;
				CLANG_WARN_UNREACHABLE_CODE = YES;
				CLANG_WARN__DUPLICATE_METHOD_MATCH = YES;
				COPY_PHASE_STRIP = NO;
				DEBUG_INFORMATION_FORMAT = "dwarf-with-dsym";
				ENABLE_NS_ASSERTIONS = NO;
				ENABLE_STRICT_OBJC_MSGSEND = YES;
				GCC_C_LANGUAGE_STANDARD = gnu11;
				GCC_NO_COMMON_BLOCKS = YES;
				GCC_WARN_64_TO_32_BIT_CONVERSION = YES;
				GCC_WARN_ABOUT_RETURN_TYPE = YES_ERROR;
				GCC_WARN_UNDECLARED_SELECTOR = YES;
				GCC_WARN_UNINITIALIZED_AUTOS = YES_AGGRESSIVE;
				GCC_WARN_UNUSED_FUNCTION = YES;
				GCC_WARN_UNUSED_VARIABLE = YES;
				IPHONEOS_DEPLOYMENT_TARGET = 17.0;
				MTL_ENABLE_DEBUG_INFO = NO;
				MTL_FAST_MATH = YES;
				PRODUCT_NAME = "$(TARGET_NAME)";
				SDKROOT = iphoneos;
				SWIFT_COMPILATION_MODE = wholemodule;
				SWIFT_OPTIMIZATION_LEVEL = "-O";
				SWIFT_VERSION = 5.0;
			};
			name = Staging;
		};
		F6B63FFCFE80195F24DB47B8 /* Staging */ = {
			isa = XCBuildConfiguration;
			buildSettings = {
				BUNDLE_LOADER = "$(TEST_HOST)";
				GENERATE_INFOPLIST_FILE = YES;
				IPHONEOS_DEPLOYMENT_TARGET = 17.0;
				LD_RUNPATH_SEARCH_PATHS = (
					"$(inherited)",
					"@executable_path/Frameworks",
					"@loader_path/Frameworks",
				);
				PRODUCT_BUNDLE_IDENTIFIER = com.otcsoftware.pimpopom.tests;
				SDKROOT = iphoneos;
				TARGETED_DEVICE_FAMILY = "1,2";
				TEST_HOST = "$(BUILT_PRODUCTS_DIR)/PimPoPom.app/PimPoPom";
			};
			name = Staging;
		};
/* End XCBuildConfiguration section */

/* Begin XCConfigurationList section */
		2BF7BF929D35A805D7A7BA2B /* Build configuration list for PBXNativeTarget "PimPoPomUITests" */ = {
			isa = XCConfigurationList;
			buildConfigurations = (
				9365BB071926F3AC1F4A9ACE /* Debug */,
				B3660DCAAD9D449478CBCC4D /* Release */,
				69586BB94E0EE348151EFA5F /* Staging */,
			);
			defaultConfigurationIsVisible = 0;
			defaultConfigurationName = Debug;
		};
		37A9EAD1DC61092F118E30C4 /* Build configuration list for PBXProject "PimPoPom" */ = {
			isa = XCConfigurationList;
			buildConfigurations = (
				6BF0CE206DD6A822EAF73DC1 /* Debug */,
				5A8B31A2F7EA0AA3011013B1 /* Release */,
				B38A1DAFD5687F297E929161 /* Staging */,
			);
			defaultConfigurationIsVisible = 0;
			defaultConfigurationName = Debug;
		};
		7C6BC591E85632941BC2B1EF /* Build configuration list for PBXNativeTarget "PimPoPomTests" */ = {
			isa = XCConfigurationList;
			buildConfigurations = (
				28FE4F50BAB8BF1485DDB47F /* Debug */,
				52A687F72F18969A399E0D18 /* Release */,
				F6B63FFCFE80195F24DB47B8 /* Staging */,
			);
			defaultConfigurationIsVisible = 0;
			defaultConfigurationName = Debug;
		};
		9A09BF5086431841B173A992 /* Build configuration list for PBXNativeTarget "PimPoPom" */ = {
			isa = XCConfigurationList;
			buildConfigurations = (
				9E1FC7DD902BF8A2E340F62C /* Debug */,
				79A7301A4535CC2DF50CC17F /* Release */,
				062193F1EB0048C7233261E0 /* Staging */,
			);
			defaultConfigurationIsVisible = 0;
			defaultConfigurationName = Debug;
		};
/* End XCConfigurationList section */

/* Begin XCLocalSwiftPackageReference section */
		55A92665BC935329EDF14206 /* XCLocalSwiftPackageReference "Packages/PimPoPomCore" */ = {
			isa = XCLocalSwiftPackageReference;
			relativePath = Packages/PimPoPomCore;
		};
/* End XCLocalSwiftPackageReference section */

/* Begin XCRemoteSwiftPackageReference section */
		469DEE5C00923AD86A105EA1 /* XCRemoteSwiftPackageReference "GoogleSignIn-iOS" */ = {
			isa = XCRemoteSwiftPackageReference;
			repositoryURL = "https://github.com/google/GoogleSignIn-iOS";
			requirement = {
				kind = upToNextMajorVersion;
				minimumVersion = 9.0.0;
			};
		};
/* End XCRemoteSwiftPackageReference section */

/* Begin XCSwiftPackageProductDependency section */
		B99BB11775542C9E63F45B2A /* PimPoPomCore */ = {
			isa = XCSwiftPackageProductDependency;
			productName = PimPoPomCore;
		};
		C4870F00BE8DF3014F005A13 /* GoogleSignIn */ = {
			isa = XCSwiftPackageProductDependency;
			package = 469DEE5C00923AD86A105EA1 /* XCRemoteSwiftPackageReference "GoogleSignIn-iOS" */;
			productName = GoogleSignIn;
		};
/* End XCSwiftPackageProductDependency section */
	};
	rootObject = 409F99DCD15ECDCD03F25003 /* Project object */;
}
